
Microsoft Visual Studio Solution File, Format Version 12.00
# Visual Studio Version 18
VisualStudioVersion = 18.4.11620.152 stable
MinimumVisualStudioVersion = 10.0.40219.1
Project("{FAE04EC0-301F-11D3-BF4B-00C04F79EFBC}") = "SalonHair", "SalonHair.csproj", "{FB061C17-2F4F-260D-8DF0-C32C16FE3D02}"
EndProject
Global
	GlobalSection(SolutionConfigurationPlatforms) = preSolution
		Debug|Any CPU = Debug|Any CPU
		Release|Any CPU = Release|Any CPU
	EndGlobalSection
	GlobalSection(ProjectConfigurationPlatforms) = postSolution
		{FB061C17-2F4F-260D-8DF0-C32C16FE3D02}.Debug|Any CPU.ActiveCfg = Debug|Any CPU
		{FB061C17-2F4F-260D-8DF0-C32C16FE3D02}.Debug|Any CPU.Build.0 = Debug|Any CPU
		{FB061C17-2F4F-260D-8DF0-C32C16FE3D02}.Release|Any CPU.ActiveCfg = Release|Any CPU
		{FB061C17-2F4F-260D-8DF0-C32C16FE3D02}.Release|Any CPU.Build.0 = Release|Any CPU
	EndGlobalSection
	GlobalSection(SolutionProperties) = preSolution
		HideSolutionNode = FALSE
	EndGlobalSection
	GlobalSection(ExtensibilityGlobals) = postSolution
		SolutionGuid = {76D3427D-1A34-428E-98CB-53C1B79051A0}
	EndGlobalSection
EndGlobal
